
Microsoft Visual Studio Solution File, Format Version 12.00
# Visual Studio Version 16
VisualStudioVersion = 16.0.30413.136
MinimumVisualStudioVersion = 10.0.40219.1
Project("{9A19103F-16F7-4668-BE54-9A1E7A4F7556}") = "WebApi.Filter.DependencyInjection", "WebApi.Filter.DependencyInjection.csproj", "{A7B6ED11-3E34-4364-BBB9-6CB8DD8BCDA1}"
EndProject
Global
	GlobalSection(SolutionConfigurationPlatforms) = preSolution
		Debug|Any CPU = Debug|Any CPU
		Release|Any CPU = Release|Any CPU
	EndGlobalSection
	GlobalSection(ProjectConfigurationPlatforms) = postSolution
		{A7B6ED11-3E34-4364-BBB9-6CB8DD8BCDA1}.Debug|Any CPU.ActiveCfg = Debug|Any CPU
		{A7B6ED11-3E34-4364-BBB9-6CB8DD8BCDA1}.Debug|Any CPU.Build.0 = Debug|Any CPU
		{A7B6ED11-3E34-4364-BBB9-6CB8DD8BCDA1}.Release|Any CPU.ActiveCfg = Release|Any CPU
		{A7B6ED11-3E34-4364-BBB9-6CB8DD8BCDA1}.Release|Any CPU.Build.0 = Release|Any CPU
	EndGlobalSection
	GlobalSection(SolutionProperties) = preSolution
		HideSolutionNode = FALSE
	EndGlobalSection
	GlobalSection(ExtensibilityGlobals) = postSolution
		SolutionGuid = {43760FA1-E314-49E9-BA93-7FD7C2639F8E}
	EndGlobalSection
EndGlobal
